
Microsoft Visual Studio Solution File, Format Version 12.00
# Visual Studio Version 16
VisualStudioVersion = 16.0.30011.22
MinimumVisualStudioVersion = 10.0.40219.1
Project("{FAE04EC0-301F-11D3-BF4B-00C04F79EFBC}") = "NokiaAndBell GUI", "NokiaAndBell GUI\NokiaAndBell GUI.csproj", "{656D151A-100F-4E2C-956C-6A8B005CE0EC}"
EndProject
Global
	GlobalSection(SolutionConfigurationPlatforms) = preSolution
		Debug|Any CPU = Debug|Any CPU
		Release|Any CPU = Release|Any CPU
	EndGlobalSection
	GlobalSection(ProjectConfigurationPlatforms) = postSolution
		{656D151A-100F-4E2C-956C-6A8B005CE0EC}.Debug|Any CPU.ActiveCfg = Debug|Any CPU
		{656D151A-100F-4E2C-956C-6A8B005CE0EC}.Debug|Any CPU.Build.0 = Debug|Any CPU
		{656D151A-100F-4E2C-956C-6A8B005CE0EC}.Release|Any CPU.ActiveCfg = Release|Any CPU
		{656D151A-100F-4E2C-956C-6A8B005CE0EC}.Release|Any CPU.Build.0 = Release|Any CPU
	EndGlobalSection
	GlobalSection(SolutionProperties) = preSolution
		HideSolutionNode = FALSE
	EndGlobalSection
	GlobalSection(ExtensibilityGlobals) = postSolution
		SolutionGuid = {D9744605-9A97-41CC-92E3-C719E594CBC0}
	EndGlobalSection
EndGlobal
